
Microsoft Visual Studio Solution File, Format Version 12.00
# Visual Studio Version 17
VisualStudioVersion = 17.1.31911.260
MinimumVisualStudioVersion = 10.0.40219.1
Project("{FAE04EC0-301F-11D3-BF4B-00C04F79EFBC}") = "BuilderPatternSample", "BuilderPatternSample.csproj", "{1B31DEEA-6D11-4923-914A-F1BB89D33D1A}"
EndProject
Global
	GlobalSection(SolutionConfigurationPlatforms) = preSolution
		Debug|Any CPU = Debug|Any CPU
		Release|Any CPU = Release|Any CPU
	EndGlobalSection
	GlobalSection(ProjectConfigurationPlatforms) = postSolution
		{1B31DEEA-6D11-4923-914A-F1BB89D33D1A}.Debug|Any CPU.ActiveCfg = Debug|Any CPU
		{1B31DEEA-6D11-4923-914A-F1BB89D33D1A}.Debug|Any CPU.Build.0 = Debug|Any CPU
		{1B31DEEA-6D11-4923-914A-F1BB89D33D1A}.Release|Any CPU.ActiveCfg = Release|Any CPU
		{1B31DEEA-6D11-4923-914A-F1BB89D33D1A}.Release|Any CPU.Build.0 = Release|Any CPU
	EndGlobalSection
	GlobalSection(SolutionProperties) = preSolution
		HideSolutionNode = FALSE
	EndGlobalSection
	GlobalSection(ExtensibilityGlobals) = postSolution
		SolutionGuid = {9E69B124-8BDA-4187-A90C-39286CE86886}
	EndGlobalSection
EndGlobal
